
Microsoft Visual Studio Solution File, Format Version 12.00
# Visual Studio Version 18
VisualStudioVersion = 18.3.11527.330 d18.3
MinimumVisualStudioVersion = 10.0.40219.1
Project("{FAE04EC0-301F-11D3-BF4B-00C04F79EFBC}") = "Automation.Framework", "Automation.Framework.csproj", "{CF0B58C1-A359-1E59-8E68-CDFF899D4E66}"
EndProject
Global
	GlobalSection(SolutionConfigurationPlatforms) = preSolution
		Debug|Any CPU = Debug|Any CPU
		Release|Any CPU = Release|Any CPU
	EndGlobalSection
	GlobalSection(ProjectConfigurationPlatforms) = postSolution
		{CF0B58C1-A359-1E59-8E68-CDFF899D4E66}.Debug|Any CPU.ActiveCfg = Debug|Any CPU
		{CF0B58C1-A359-1E59-8E68-CDFF899D4E66}.Debug|Any CPU.Build.0 = Debug|Any CPU
		{CF0B58C1-A359-1E59-8E68-CDFF899D4E66}.Release|Any CPU.ActiveCfg = Release|Any CPU
		{CF0B58C1-A359-1E59-8E68-CDFF899D4E66}.Release|Any CPU.Build.0 = Release|Any CPU
	EndGlobalSection
	GlobalSection(SolutionProperties) = preSolution
		HideSolutionNode = FALSE
	EndGlobalSection
	GlobalSection(ExtensibilityGlobals) = postSolution
		SolutionGuid = {903607B8-782F-4DCB-8C42-CED62A5DEF41}
	EndGlobalSection
EndGlobal
